
Microsoft Visual Studio Solution File, Format Version 12.00
# Visual Studio Version 17
VisualStudioVersion = 17.1.32328.378
MinimumVisualStudioVersion = 10.0.40219.1
Project("{9A19103F-16F7-4668-BE54-9A1E7A4F7556}") = "Profitable.GlobalConstants", "Profitable.GlobalConstants\Profitable.GlobalConstants.csproj", "{8533BA87-1D48-4F53-B4EE-A6C83762EF0C}"
EndProject
Project("{9A19103F-16F7-4668-BE54-9A1E7A4F7556}") = "Profitable.Data", "Profitable.Data\Profitable.Data.csproj", "{E4021995-ADC1-4833-87EA-711B565E7A32}"
EndProject
Project("{9A19103F-16F7-4668-BE54-9A1E7A4F7556}") = "Profitable.Models", "Profitable.Models\Profitable.Models.csproj", "{BB0E06C1-FF27-4502-8728-7F0C816B1871}"
EndProject
Project("{9A19103F-16F7-4668-BE54-9A1E7A4F7556}") = "Profitable.Services", "Profitable.Services\Profitable.Services.csproj", "{520FD359-0B83-46BC-9EEF-DC4AC400DFF2}"
EndProject
Project("{9A19103F-16F7-4668-BE54-9A1E7A4F7556}") = "Profitable.Web", "Profitable.Web\Profitable.Web.csproj", "{B6CB0FAA-3B65-4078-B82D-E517C9EB0752}"
EndProject
Project("{2150E333-8FDC-42A3-9474-1A3956D46DE8}") = "Solution Items", "Solution Items", "{61632A9A-782B-4182-9B50-C2D641C44848}"
	ProjectSection(SolutionItems) = preProject
		.editorconfig = .editorconfig
	EndProjectSection
EndProject
Project("{9A19103F-16F7-4668-BE54-9A1E7A4F7556}") = "Profitable.Automapper", "Profitable.Automapper\Profitable.Automapper.csproj", "{3C846AE7-D8A7-48B7-8A42-A36A1A232379}"
EndProject
Project("{9A19103F-16F7-4668-BE54-9A1E7A4F7556}") = "Profitable.Seeder", "Profitable.Seeder\Profitable.Seeder.csproj", "{278B5A4A-6462-4756-9F64-C34BA5999D55}"
EndProject
Project("{2150E333-8FDC-42A3-9474-1A3956D46DE8}") = "Data", "Data", "{4E72E65E-04F6-4098-BEDF-8C088532C496}"
EndProject
Project("{2150E333-8FDC-42A3-9474-1A3956D46DE8}") = "Common", "Common", "{6D781006-3051-40C3-9EB0-B2E7761A9CA9}"
EndProject
Project("{2150E333-8FDC-42A3-9474-1A3956D46DE8}") = "Services", "Services", "{EF0ECFE2-8E9D-40FF-8705-AA1EE74F6C62}"
EndProject
Project("{2150E333-8FDC-42A3-9474-1A3956D46DE8}") = "SeederService", "SeederService", "{808545AF-DD9E-4C5B-A4A7-0AC199B60614}"
EndProject
Project("{9A19103F-16F7-4668-BE54-9A1E7A4F7556}") = "Profitable.Common", "Profitable.Common\Profitable.Common.csproj", "{9318892A-CE3A-40CB-B598-98CEA3D66743}"
EndProject
Global
	GlobalSection(SolutionConfigurationPlatforms) = preSolution
		Debug|Any CPU = Debug|Any CPU
		Release|Any CPU = Release|Any CPU
	EndGlobalSection
	GlobalSection(ProjectConfigurationPlatforms) = postSolution
		{8533BA87-1D48-4F53-B4EE-A6C83762EF0C}.Debug|Any CPU.ActiveCfg = Debug|Any CPU
		{8533BA87-1D48-4F53-B4EE-A6C83762EF0C}.Debug|Any CPU.Build.0 = Debug|Any CPU
		{8533BA87-1D48-4F53-B4EE-A6C83762EF0C}.Release|Any CPU.ActiveCfg = Release|Any CPU
		{8533BA87-1D48-4F53-B4EE-A6C83762EF0C}.Release|Any CPU.Build.0 = Release|Any CPU
		{E4021995-ADC1-4833-87EA-711B565E7A32}.Debug|Any CPU.ActiveCfg = Debug|Any CPU
		{E4021995-ADC1-4833-87EA-711B565E7A32}.Debug|Any CPU.Build.0 = Debug|Any CPU
		{E4021995-ADC1-4833-87EA-711B565E7A32}.Release|Any CPU.ActiveCfg = Release|Any CPU
		{E4021995-ADC1-4833-87EA-711B565E7A32}.Release|Any CPU.Build.0 = Release|Any CPU
		{BB0E06C1-FF27-4502-8728-7F0C816B1871}.Debug|Any CPU.ActiveCfg = Debug|Any CPU
		{BB0E06C1-FF27-4502-8728-7F0C816B1871}.Debug|Any CPU.Build.0 = Debug|Any CPU
		{BB0E06C1-FF27-4502-8728-7F0C816B1871}.Release|Any CPU.ActiveCfg = Release|Any CPU
		{BB0E06C1-FF27-4502-8728-7F0C816B1871}.Release|Any CPU.Build.0 = Release|Any CPU
		{520FD359-0B83-46BC-9EEF-DC4AC400DFF2}.Debug|Any CPU.ActiveCfg = Debug|Any CPU
		{520FD359-0B83-46BC-9EEF-DC4AC400DFF2}.Debug|Any CPU.Build.0 = Debug|Any CPU
		{520FD359-0B83-46BC-9EEF-DC4AC400DFF2}.Release|Any CPU.ActiveCfg = Release|Any CPU
		{520FD359-0B83-46BC-9EEF-DC4AC400DFF2}.Release|Any CPU.Build.0 = Release|Any CPU
		{B6CB0FAA-3B65-4078-B82D-E517C9EB0752}.Debug|Any CPU.ActiveCfg = Debug|Any CPU
		{B6CB0FAA-3B65-4078-B82D-E517C9EB0752}.Debug|Any CPU.Build.0 = Debug|Any CPU
		{B6CB0FAA-3B65-4078-B82D-E517C9EB0752}.Release|Any CPU.ActiveCfg = Release|Any CPU
		{B6CB0FAA-3B65-4078-B82D-E517C9EB0752}.Release|Any CPU.Build.0 = Release|Any CPU
		{3C846AE7-D8A7-48B7-8A42-A36A1A232379}.Debug|Any CPU.ActiveCfg = Debug|Any CPU
		{3C846AE7-D8A7-48B7-8A42-A36A1A232379}.Debug|Any CPU.Build.0 = Debug|Any CPU
		{3C846AE7-D8A7-48B7-8A42-A36A1A232379}.Release|Any CPU.ActiveCfg = Release|Any CPU
		{3C846AE7-D8A7-48B7-8A42-A36A1A232379}.Release|Any CPU.Build.0 = Release|Any CPU
		{278B5A4A-6462-4756-9F64-C34BA5999D55}.Debug|Any CPU.ActiveCfg = Debug|Any CPU
		{278B5A4A-6462-4756-9F64-C34BA5999D55}.Debug|Any CPU.Build.0 = Debug|Any CPU
		{278B5A4A-6462-4756-9F64-C34BA5999D55}.Release|Any CPU.ActiveCfg = Release|Any CPU
		{278B5A4A-6462-4756-9F64-C34BA5999D55}.Release|Any CPU.Build.0 = Release|Any CPU
		{9318892A-CE3A-40CB-B598-98CEA3D66743}.Debug|Any CPU.ActiveCfg = Debug|Any CPU
		{9318892A-CE3A-40CB-B598-98CEA3D66743}.Debug|Any CPU.Build.0 = Debug|Any CPU
		{9318892A-CE3A-40CB-B598-98CEA3D66743}.Release|Any CPU.ActiveCfg = Release|Any CPU
		{9318892A-CE3A-40CB-B598-98CEA3D66743}.Release|Any CPU.Build.0 = Release|Any CPU
	EndGlobalSection
	GlobalSection(SolutionProperties) = preSolution
		HideSolutionNode = FALSE
	EndGlobalSection
	GlobalSection(NestedProjects) = preSolution
		{8533BA87-1D48-4F53-B4EE-A6C83762EF0C} = {6D781006-3051-40C3-9EB0-B2E7761A9CA9}
		{E4021995-ADC1-4833-87EA-711B565E7A32} = {4E72E65E-04F6-4098-BEDF-8C088532C496}
		{BB0E06C1-FF27-4502-8728-7F0C816B1871} = {4E72E65E-04F6-4098-BEDF-8C088532C496}
		{520FD359-0B83-46BC-9EEF-DC4AC400DFF2} = {EF0ECFE2-8E9D-40FF-8705-AA1EE74F6C62}
		{3C846AE7-D8A7-48B7-8A42-A36A1A232379} = {6D781006-3051-40C3-9EB0-B2E7761A9CA9}
		{278B5A4A-6462-4756-9F64-C34BA5999D55} = {808545AF-DD9E-4C5B-A4A7-0AC199B60614}
		{808545AF-DD9E-4C5B-A4A7-0AC199B60614} = {4E72E65E-04F6-4098-BEDF-8C088532C496}
		{9318892A-CE3A-40CB-B598-98CEA3D66743} = {6D781006-3051-40C3-9EB0-B2E7761A9CA9}
	EndGlobalSection
	GlobalSection(ExtensibilityGlobals) = postSolution
		SolutionGuid = {E84C6D35-AC07-4313-BE33-390A9FC6E8C2}
	EndGlobalSection
EndGlobal
